// !$*UTF8*$!
{
	archiveVersion = 1;
	classes = {
	};
	objectVersion = 46;
	objects = {

/* Begin PBXBuildFile section */
		3E7D41B61E5E8DBB0090BC0C /* main.m in Sources */ = {isa = PBXBuildFile; fileRef = 3E7D41B51E5E8DBB0090BC0C /* main.m */; };
		3E7D41B91E5E8DBB0090BC0C /* AppDelegate.m in Sources */ = {isa = PBXBuildFile; fileRef = 3E7D41B81E5E8DBB0090BC0C /* AppDelegate.m */; };
		3E7D41BC1E5E8DBB0090BC0C /* ViewController.m in Sources */ = {isa = PBXBuildFile; fileRef = 3E7D41BB1E5E8DBB0090BC0C /* ViewController.m */; };
		3E7D41BF1E5E8DBB0090BC0C /* Main.storyboard in Resources */ = {isa = PBXBuildFile; fileRef = 3E7D41BD1E5E8DBB0090BC0C /* Main.storyboard */; };
		3E7D41C11E5E8DBB0090BC0C /* Assets.xcassets in Resources */ = {isa = PBXBuildFile; fileRef = 3E7D41C01E5E8DBB0090BC0C /* Assets.xcassets */; };
		3E7D41C41E5E8DBB0090BC0C /* LaunchScreen.storyboard in Resources */ = {isa = PBXBuildFile; fileRef = 3E7D41C21E5E8DBB0090BC0C /* LaunchScreen.storyboard */; };
		9D3DE0A408B59421D3B6B86F /* libPods-WQImmessage.a in Frameworks */ = {isa = PBXBuildFile; fileRef = 4B5752EBA9A3DC857FEC60A8 /* libPods-WQImmessage.a */; };
/* End PBXBuildFile section */

/* Begin PBXFileReference section */
		3E7D41B11E5E8DBB0090BC0C /* WQImmessage.app */ = {isa = PBXFileReference; explicitFileType = wrapper.application; includeInIndex = 0; path = WQImmessage.app; sourceTree = BUILT_PRODUCTS_DIR; };
		3E7D41B51E5E8DBB0090BC0C /* main.m */ = {isa = PBXFileReference; lastKnownFileType = sourcecode.c.objc; path = main.m; sourceTree = "<group>"; };
		3E7D41B71E5E8DBB0090BC0C /* AppDelegate.h */ = {isa = PBXFileReference; lastKnownFileType = sourcecode.c.h; path = AppDelegate.h; sourceTree = "<group>"; };
		3E7D41B81E5E8DBB0090BC0C /* AppDelegate.m */ = {isa = PBXFileReference; lastKnownFileType = sourcecode.c.objc; path = AppDelegate.m; sourceTree = "<group>"; };
		3E7D41BA1E5E8DBB0090BC0C /* ViewController.h */ = {isa = PBXFileReference; lastKnownFileType = sourcecode.c.h; path = ViewController.h; sourceTree = "<group>"; };
		3E7D41BB1E5E8DBB0090BC0C /* ViewController.m */ = {isa = PBXFileReference; lastKnownFileType = sourcecode.c.objc; path = ViewController.m; sourceTree = "<group>"; };
		3E7D41BE1E5E8DBB0090BC0C /* Base */ = {isa = PBXFileReference; lastKnownFileType = file.storyboard; name = Base; path = Base.lproj/Main.storyboard; sourceTree = "<group>"; };
		3E7D41C01E5E8DBB0090BC0C /* Assets.xcassets */ = {isa = PBXFileReference; lastKnownFileType = folder.assetcatalog; path = Assets.xcassets; sourceTree = "<group>"; };
		3E7D41C31E5E8DBB0090BC0C /* Base */ = {isa = PBXFileReference; lastKnownFileType = file.storyboard; name = Base; path = Base.lproj/LaunchScreen.storyboard; sourceTree = "<group>"; };
		3E7D41C51E5E8DBB0090BC0C /* Info.plist */ = {isa = PBXFileReference; lastKnownFileType = text.plist.xml; path = Info.plist; sourceTree = "<group>"; };
		4B5752EBA9A3DC857FEC60A8 /* libPods-WQImmessage.a */ = {isa = PBXFileReference; explicitFileType = archive.ar; includeInIndex = 0; path = "libPods-WQImmessage.a"; sourceTree = BUILT_PRODUCTS_DIR; };
		97C4763E67BF36AED8C0E3A7 /* Pods-WQImmessage.debug.xcconfig */ = {isa = PBXFileReference; includeInIndex = 1; lastKnownFileType = text.xcconfig; name = "Pods-WQImmessage.debug.xcconfig"; path = "Pods/Target Support Files/Pods-WQImmessage/Pods-WQImmessage.debug.xcconfig"; sourceTree = "<group>"; };
		9CEB3BD70D49B88B82BB1B10 /* Pods-WQImmessage.release.xcconfig */ = {isa = PBXFileReference; includeInIndex = 1; lastKnownFileType = text.xcconfig; name = "Pods-WQImmessage.release.xcconfig"; path = "Pods/Target Support Files/Pods-WQImmessage/Pods-WQImmessage.release.xcconfig"; sourceTree = "<group>"; };
/* End PBXFileReference section */

/* Begin PBXFrameworksBuildPhase section */
		3E7D41AE1E5E8DBB0090BC0C /* Frameworks */ = {
			isa = PBXFrameworksBuildPhase;
			buildActionMask = 2147483647;
			files = (
				9D3DE0A408B59421D3B6B86F /* libPods-WQImmessage.a in Frameworks */,
			);
			runOnlyForDeploymentPostprocessing = 0;
		};
/* End PBXFrameworksBuildPhase section */

/* Begin PBXGroup section */
		293FBDC2030D9A54E335C6CB /* Pods */ = {
			isa = PBXGroup;
			children = (
				97C4763E67BF36AED8C0E3A7 /* Pods-WQImmessage.debug.xcconfig */,
				9CEB3BD70D49B88B82BB1B10 /* Pods-WQImmessage.release.xcconfig */,
			);
			name = Pods;
			sourceTree = "<group>";
		};
		3E7D41A81E5E8DBB0090BC0C = {
			isa = PBXGroup;
			children = (
				3E7D41B31E5E8DBB0090BC0C /* WQImmessage */,
				3E7D41B21E5E8DBB0090BC0C /* Products */,
				293FBDC2030D9A54E335C6CB /* Pods */,
				60419CED608B4717F9ED9ED0 /* Frameworks */,
			);
			sourceTree = "<group>";
		};
		3E7D41B21E5E8DBB0090BC0C /* Products */ = {
			isa = PBXGroup;
			children = (
				3E7D41B11E5E8DBB0090BC0C /* WQImmessage.app */,
			);
			name = Products;
			sourceTree = "<group>";
		};
		3E7D41B31E5E8DBB0090BC0C /* WQImmessage */ = {
			isa = PBXGroup;
			children = (
				3E7D41B71E5E8DBB0090BC0C /* AppDelegate.h */,
				3E7D41B81E5E8DBB0090BC0C /* AppDelegate.m */,
				3E7D41BA1E5E8DBB0090BC0C /* ViewController.h */,
				3E7D41BB1E5E8DBB0090BC0C /* ViewController.m */,
				3E7D41BD1E5E8DBB0090BC0C /* Main.storyboard */,
				3E7D41C01E5E8DBB0090BC0C /* Assets.xcassets */,
				3E7D41C21E5E8DBB0090BC0C /* LaunchScreen.storyboard */,
				3E7D41C51E5E8DBB0090BC0C /* Info.plist */,
				3E7D41B41E5E8DBB0090BC0C /* Supporting Files */,
			);
			path = WQImmessage;
			sourceTree = "<group>";
		};
		3E7D41B41E5E8DBB0090BC0C /* Supporting Files */ = {
			isa = PBXGroup;
			children = (
				3E7D41B51E5E8DBB0090BC0C /* main.m */,
			);
			name = "Supporting Files";
			sourceTree = "<group>";
		};
		60419CED608B4717F9ED9ED0 /* Frameworks */ = {
			isa = PBXGroup;
			children = (
				4B5752EBA9A3DC857FEC60A8 /* libPods-WQImmessage.a */,
			);
			name = Frameworks;
			sourceTree = "<group>";
		};
/* End PBXGroup section */

/* Begin PBXNativeTarget section */
		3E7D41B01E5E8DBB0090BC0C /* WQImmessage */ = {
			isa = PBXNativeTarget;
			buildConfigurationList = 3E7D41C81E5E8DBB0090BC0C /* Build configuration list for PBXNativeTarget "WQImmessage" */;
			buildPhases = (
				0D5FCD37F1FBDBD3F5B1D08A /* [CP] Check Pods Manifest.lock */,
				3E7D41AD1E5E8DBB0090BC0C /* Sources */,
				3E7D41AE1E5E8DBB0090BC0C /* Frameworks */,
				3E7D41AF1E5E8DBB0090BC0C /* Resources */,
				5A3F647CEF1B7EEA17A078C2 /* [CP] Embed Pods Frameworks */,
				2C18F84055AE45229C511D9C /* [CP] Copy Pods Resources */,
			);
			buildRules = (
			);
			dependencies = (
			);
			name = WQImmessage;
			productName = WQImmessage;
			productReference = 3E7D41B11E5E8DBB0090BC0C /* WQImmessage.app */;
			productType = "com.apple.product-type.application";
		};
/* End PBXNativeTarget section */

/* Begin PBXProject section */
		3E7D41A91E5E8DBB0090BC0C /* Project object */ = {
			isa = PBXProject;
			attributes = {
				LastUpgradeCheck = 0810;
				ORGANIZATIONNAME = com.drcacom.com;
				TargetAttributes = {
					3E7D41B01E5E8DBB0090BC0C = {
						CreatedOnToolsVersion = 8.1;
						DevelopmentTeam = NYRBZT6Z59;
						ProvisioningStyle = Automatic;
					};
				};
			};
			buildConfigurationList = 3E7D41AC1E5E8DBB0090BC0C /* Build configuration list for PBXProject "WQImmessage" */;
			compatibilityVersion = "Xcode 3.2";
			developmentRegion = English;
			hasScannedForEncodings = 0;
			knownRegions = (
				en,
				Base,
			);
			mainGroup = 3E7D41A81E5E8DBB0090BC0C;
			productRefGroup = 3E7D41B21E5E8DBB0090BC0C /* Products */;
			projectDirPath = "";
			projectRoot = "";
			targets = (
				3E7D41B01E5E8DBB0090BC0C /* WQImmessage */,
			);
		};
/* End PBXProject section */

/* Begin PBXResourcesBuildPhase section */
		3E7D41AF1E5E8DBB0090BC0C /* Resources */ = {
			isa = PBXResourcesBuildPhase;
			buildActionMask = 2147483647;
			files = (
				3E7D41C41E5E8DBB0090BC0C /* LaunchScreen.storyboard in Resources */,
				3E7D41C11E5E8DBB0090BC0C /* Assets.xcassets in Resources */,
				3E7D41BF1E5E8DBB0090BC0C /* Main.storyboard in Resources */,
			);
			runOnlyForDeploymentPostprocessing = 0;
		};
/* End PBXResourcesBuildPhase section */

/* Begin PBXShellScriptBuildPhase section */
		0D5FCD37F1FBDBD3F5B1D08A /* [CP] Check Pods Manifest.lock */ = {
			isa = PBXShellScriptBuildPhase;
			buildActionMask = 2147483647;
			files = (
			);
			inputPaths = (
			);
			name = "[CP] Check Pods Manifest.lock";
			outputPaths = (
			);
			runOnlyForDeploymentPostprocessing = 0;
			shellPath = /bin/sh;
			shellScript = "diff \"${PODS_ROOT}/../Podfile.lock\" \"${PODS_ROOT}/Manifest.lock\" > /dev/null\nif [ $? != 0 ] ; then\n    # print error to STDERR\n    echo \"error: The sandbox is not in sync with the Podfile.lock. Run 'pod install' or update your CocoaPods installation.\" >&2\n    exit 1\nfi\n";
			showEnvVarsInLog = 0;
		};
		2C18F84055AE45229C511D9C /* [CP] Copy Pods Resources */ = {
			isa = PBXShellScriptBuildPhase;
			buildActionMask = 2147483647;
			files = (
			);
			inputPaths = (
			);
			name = "[CP] Copy Pods Resources";
			outputPaths = (
			);
			runOnlyForDeploymentPostprocessing = 0;
			shellPath = /bin/sh;
			shellScript = "\"${SRCROOT}/Pods/Target Support Files/Pods-WQImmessage/Pods-WQImmessage-resources.sh\"\n";
			showEnvVarsInLog = 0;
		};
		5A3F647CEF1B7EEA17A078C2 /* [CP] Embed Pods Frameworks */ = {
			isa = PBXShellScriptBuildPhase;
			buildActionMask = 2147483647;
			files = (
			);
			inputPaths = (
			);
			name = "[CP] Embed Pods Frameworks";
			outputPaths = (
			);
			runOnlyForDeploymentPostprocessing = 0;
			shellPath = /bin/sh;
			shellScript = "\"${SRCROOT}/Pods/Target Support Files/Pods-WQImmessage/Pods-WQImmessage-frameworks.sh\"\n";
			showEnvVarsInLog = 0;
		};
/* End PBXShellScriptBuildPhase section */

/* Begin PBXSourcesBuildPhase section */
		3E7D41AD1E5E8DBB0090BC0C /* Sources */ = {
			isa = PBXSourcesBuildPhase;
			buildActionMask = 2147483647;
			files = (
				3E7D41BC1E5E8DBB0090BC0C /* ViewController.m in Sources */,
				3E7D41B91E5E8DBB0090BC0C /* AppDelegate.m in Sources */,
				3E7D41B61E5E8DBB0090BC0C /* main.m in Sources */,
			);
			runOnlyForDeploymentPostprocessing = 0;
		};
/* End PBXSourcesBuildPhase section */

/* Begin PBXVariantGroup section */
		3E7D41BD1E5E8DBB0090BC0C /* Main.storyboard */ = {
			isa = PBXVariantGroup;
			children = (
				3E7D41BE1E5E8DBB0090BC0C /* Base */,
			);
			name = Main.storyboard;
			sourceTree = "<group>";
		};
		3E7D41C21E5E8DBB0090BC0C /* LaunchScreen.storyboard */ = {
			isa = PBXVariantGroup;
			children = (
				3E7D41C31E5E8DBB0090BC0C /* Base */,
			);
			name = LaunchScreen.storyboard;
			sourceTree = "<group>";
		};
/* End PBXVariantGroup section */

/* Begin XCBuildConfiguration section */
		3E7D41C61E5E8DBB0090BC0C /* Debug */ = {
			isa = XCBuildConfiguration;
			buildSettings = {
				ALWAYS_SEARCH_USER_PATHS = NO;
				CLANG_ANALYZER_NONNULL = YES;
				CLANG_CXX_LANGUAGE_STANDARD = "gnu++0x";
				CLANG_CXX_LIBRARY = "libc++";
				CLANG_ENABLE_MODULES = YES;
				CLANG_ENABLE_OBJC_ARC = YES;
				CLANG_WARN_BOOL_CONVERSION = YES;
				CLANG_WARN_CONSTANT_CONVERSION = YES;
				CLANG_WARN_DIRECT_OBJC_ISA_USAGE = YES_ERROR;
				CLANG_WARN_DOCUMENTATION_COMMENTS = YES;
				CLANG_WARN_EMPTY_BODY = YES;
				CLANG_WARN_ENUM_CONVERSION = YES;
				CLANG_WARN_INFINITE_RECURSION = YES;
				CLANG_WARN_INT_CONVERSION = YES;
				CLANG_WARN_OBJC_ROOT_CLASS = YES_ERROR;
				CLANG_WARN_SUSPICIOUS_MOVES = YES;
				CLANG_WARN_UNREACHABLE_CODE = YES;
				CLANG_WARN__DUPLICATE_METHOD_MATCH = YES;
				"CODE_SIGN_IDENTITY[sdk=iphoneos*]" = "iPhone Developer";
				COPY_PHASE_STRIP = NO;
				DEBUG_INFORMATION_FORMAT = dwarf;
				ENABLE_STRICT_OBJC_MSGSEND = YES;
				ENABLE_TESTABILITY = YES;
				GCC_C_LANGUAGE_STANDARD = gnu99;
				GCC_DYNAMIC_NO_PIC = NO;
				GCC_NO_COMMON_BLOCKS = YES;
				GCC_OPTIMIZATION_LEVEL = 0;
				GCC_PREPROCESSOR_DEFINITIONS = (
					"DEBUG=1",
					"$(inherited)",
				);
				GCC_WARN_64_TO_32_BIT_CONVERSION = YES;
				GCC_WARN_ABOUT_RETURN_TYPE = YES_ERROR;
				GCC_WARN_UNDECLARED_SELECTOR = YES;
				GCC_WARN_UNINITIALIZED_AUTOS = YES_AGGRESSIVE;
				GCC_WARN_UNUSED_FUNCTION = YES;
				GCC_WARN_UNUSED_VARIABLE = YES;
				IPHONEOS_DEPLOYMENT_TARGET = 10.1;
				MTL_ENABLE_DEBUG_INFO = YES;
				ONLY_ACTIVE_ARCH = YES;
				SDKROOT = iphoneos;
				TARGETED_DEVICE_FAMILY = "1,2";
			};
			name = Debug;
		};
		3E7D41C71E5E8DBB0090BC0C /* Release */ = {
			isa = XCBuildConfiguration;
			buildSettings = {
				ALWAYS_SEARCH_USER_PATHS = NO;
				CLANG_ANALYZER_NONNULL = YES;
				CLANG_CXX_LANGUAGE_STANDARD = "gnu++0x";
				CLANG_CXX_LIBRARY = "libc++";
				CLANG_ENABLE_MODULES = YES;
				CLANG_ENABLE_OBJC_ARC = YES;
				CLANG_WARN_BOOL_CONVERSION = YES;
				CLANG_WARN_CONSTANT_CONVERSION = YES;
				CLANG_WARN_DIRECT_OBJC_ISA_USAGE = YES_ERROR;
				CLANG_WARN_DOCUMENTATION_COMMENTS = YES;
				CLANG_WARN_EMPTY_BODY = YES;
				CLANG_WARN_ENUM_CONVERSION = YES;
				CLANG_WARN_INFINITE_RECURSION = YES;
				CLANG_WARN_INT_CONVERSION = YES;
				CLANG_WARN_OBJC_ROOT_CLASS = YES_ERROR;
				CLANG_WARN_SUSPICIOUS_MOVES = YES;
				CLANG_WARN_UNREACHABLE_CODE = YES;
				CLANG_WARN__DUPLICATE_METHOD_MATCH = YES;
				"CODE_SIGN_IDENTITY[sdk=iphoneos*]" = "iPhone Developer";
				COPY_PHASE_STRIP = NO;
				DEBUG_INFORMATION_FORMAT = "dwarf-with-dsym";
				ENABLE_NS_ASSERTIONS = NO;
				ENABLE_STRICT_OBJC_MSGSEND = YES;
				GCC_C_LANGUAGE_STANDARD = gnu99;
				GCC_NO_COMMON_BLOCKS = YES;
				GCC_WARN_64_TO_32_BIT_CONVERSION = YES;
				GCC_WARN_ABOUT_RETURN_TYPE = YES_ERROR;
				GCC_WARN_UNDECLARED_SELECTOR = YES;
				GCC_WARN_UNINITIALIZED_AUTOS = YES_AGGRESSIVE;
				GCC_WARN_UNUSED_FUNCTION = YES;
				GCC_WARN_UNUSED_VARIABLE = YES;
				IPHONEOS_DEPLOYMENT_TARGET = 10.1;
				MTL_ENABLE_DEBUG_INFO = NO;
				SDKROOT = iphoneos;
				TARGETED_DEVICE_FAMILY = "1,2";
				VALIDATE_PRODUCT = YES;
			};
			name = Release;
		};
		3E7D41C91E5E8DBB0090BC0C /* Debug */ = {
			isa = XCBuildConfiguration;
			baseConfigurationReference = 97C4763E67BF36AED8C0E3A7 /* Pods-WQImmessage.debug.xcconfig */;
			buildSettings = {
				ASSETCATALOG_COMPILER_APPICON_NAME = AppIcon;
				DEVELOPMENT_TEAM = NYRBZT6Z59;
				INFOPLIST_FILE = WQImmessage/Info.plist;
				LD_RUNPATH_SEARCH_PATHS = "$(inherited) @executable_path/Frameworks";
				PRODUCT_BUNDLE_IDENTIFIER = com.drcacom.com.WQImmessage;
				PRODUCT_NAME = "$(TARGET_NAME)";
			};
			name = Debug;
		};
		3E7D41CA1E5E8DBB0090BC0C /* Release */ = {
			isa = XCBuildConfiguration;
			baseConfigurationReference = 9CEB3BD70D49B88B82BB1B10 /* Pods-WQImmessage.release.xcconfig */;
			buildSettings = {
				ASSETCATALOG_COMPILER_APPICON_NAME = AppIcon;
				DEVELOPMENT_TEAM = NYRBZT6Z59;
				INFOPLIST_FILE = WQImmessage/Info.plist;
				LD_RUNPATH_SEARCH_PATHS = "$(inherited) @executable_path/Frameworks";
				PRODUCT_BUNDLE_IDENTIFIER = com.drcacom.com.WQImmessage;
				PRODUCT_NAME = "$(TARGET_NAME)";
			};
			name = Release;
		};
/* End XCBuildConfiguration section */

/* Begin XCConfigurationList section */
		3E7D41AC1E5E8DBB0090BC0C /* Build configuration list for PBXProject "WQImmessage" */ = {
			isa = XCConfigurationList;
			buildConfigurations = (
				3E7D41C61E5E8DBB0090BC0C /* Debug */,
				3E7D41C71E5E8DBB0090BC0C /* Release */,
			);
			defaultConfigurationIsVisible = 0;
			defaultConfigurationName = Release;
		};
		3E7D41C81E5E8DBB0090BC0C /* Build configuration list for PBXNativeTarget "WQImmessage" */ = {
			isa = XCConfigurationList;
			buildConfigurations = (
				3E7D41C91E5E8DBB0090BC0C /* Debug */,
				3E7D41CA1E5E8DBB0090BC0C /* Release */,
			);
			defaultConfigurationIsVisible = 0;
		};
/* End XCConfigurationList section */
	};
	rootObject = 3E7D41A91E5E8DBB0090BC0C /* Project object */;
}
